
Microsoft Visual Studio Solution File, Format Version 12.00
# Visual Studio Version 17
VisualStudioVersion = 17.11.35327.3
MinimumVisualStudioVersion = 10.0.40219.1
Project("{FAE04EC0-301F-11D3-BF4B-00C04F79EFBC}") = "Ecommerce", "Ecommerce\Ecommerce\Ecommerce.csproj", "{A9B44E0D-8204-4774-8A5C-E728FC7E3C31}"
EndProject
Project("{FAE04EC0-301F-11D3-BF4B-00C04F79EFBC}") = "Ecommerce.Client", "Ecommerce\Ecommerce.Client\Ecommerce.Client.csproj", "{06F8B4F4-BA19-4C66-9250-E42BB6FA1146}"
EndProject
Global
	GlobalSection(SolutionConfigurationPlatforms) = preSolution
		Debug|Any CPU = Debug|Any CPU
		Release|Any CPU = Release|Any CPU
	EndGlobalSection
	GlobalSection(ProjectConfigurationPlatforms) = postSolution
		{A9B44E0D-8204-4774-8A5C-E728FC7E3C31}.Debug|Any CPU.ActiveCfg = Debug|Any CPU
		{A9B44E0D-8204-4774-8A5C-E728FC7E3C31}.Debug|Any CPU.Build.0 = Debug|Any CPU
		{A9B44E0D-8204-4774-8A5C-E728FC7E3C31}.Release|Any CPU.ActiveCfg = Release|Any CPU
		{A9B44E0D-8204-4774-8A5C-E728FC7E3C31}.Release|Any CPU.Build.0 = Release|Any CPU
		{06F8B4F4-BA19-4C66-9250-E42BB6FA1146}.Debug|Any CPU.ActiveCfg = Debug|Any CPU
		{06F8B4F4-BA19-4C66-9250-E42BB6FA1146}.Debug|Any CPU.Build.0 = Debug|Any CPU
		{06F8B4F4-BA19-4C66-9250-E42BB6FA1146}.Release|Any CPU.ActiveCfg = Release|Any CPU
		{06F8B4F4-BA19-4C66-9250-E42BB6FA1146}.Release|Any CPU.Build.0 = Release|Any CPU
	EndGlobalSection
	GlobalSection(SolutionProperties) = preSolution
		HideSolutionNode = FALSE
	EndGlobalSection
	GlobalSection(ExtensibilityGlobals) = postSolution
		SolutionGuid = {06964603-1EE8-4800-B681-C1EB36E9915C}
	EndGlobalSection
EndGlobal
